Microsoft Visual Studio Solution File, Format Version 12.00
# Visual Studio Version 17
VisualStudioVersion = 17.5.2.0
MinimumVisualStudioVersion = 10.0.40219.1
Project("{FAE04EC0-301F-11D3-BF4B-00C04F79EFBC}") = "NotificationGateway.Worker", "NotificationGateway.Worker.csproj", "{029C1174-59F7-0B2A-2C53-DE5BB1812A95}"
EndProject
Global
	GlobalSection(SolutionConfigurationPlatforms) = preSolution
		Debug|Any CPU = Debug|Any CPU
		Release|Any CPU = Release|Any CPU
	EndGlobalSection
	GlobalSection(ProjectConfigurationPlatforms) = postSolution
		{029C1174-59F7-0B2A-2C53-DE5BB1812A95}.Debug|Any CPU.ActiveCfg = Debug|Any CPU
		{029C1174-59F7-0B2A-2C53-DE5BB1812A95}.Debug|Any CPU.Build.0 = Debug|Any CPU
		{029C1174-59F7-0B2A-2C53-DE5BB1812A95}.Release|Any CPU.ActiveCfg = Release|Any CPU
		{029C1174-59F7-0B2A-2C53-DE5BB1812A95}.Release|Any CPU.Build.0 = Release|Any CPU
	EndGlobalSection
	GlobalSection(SolutionProperties) = preSolution
		HideSolutionNode = FALSE
	EndGlobalSection
	GlobalSection(ExtensibilityGlobals) = postSolution
		SolutionGuid = {58AA82B7-2F40-480A-87C0-5AE8A5F39D00}
	EndGlobalSection
EndGlobal
